// !$*UTF8*$!
{
	archiveVersion = 1;
	classes = {
	};
	objectVersion = 50;
	objects = {

/* Begin PBXBuildFile section */
		0D7BE63F26AD24F200C04220 /* Config.swift in Sources */ = {isa = PBXBuildFile; fileRef = 0D7BE63E26AD24F200C04220 /* Config.swift */; };
		0D7BE64026AD24F200C04220 /* Config.swift in Sources */ = {isa = PBXBuildFile; fileRef = 0D7BE63E26AD24F200C04220 /* Config.swift */; };
		0D972EDD269DDAAB0084BE50 /* LikeCoinBalanceApp.swift in Sources */ = {isa = PBXBuildFile; fileRef = 0D972EDC269DDAAB0084BE50 /* LikeCoinBalanceApp.swift */; };
		0D972EDF269DDAAB0084BE50 /* LikeCoinBalanceSettings.swift in Sources */ = {isa = PBXBuildFile; fileRef = 0D972EDE269DDAAB0084BE50 /* LikeCoinBalanceSettings.swift */; };
		0D972EE1269DDAAE0084BE50 /* Assets.xcassets in Resources */ = {isa = PBXBuildFile; fileRef = 0D972EE0269DDAAE0084BE50 /* Assets.xcassets */; };
		0D972EE4269DDAAE0084BE50 /* Preview Assets.xcassets in Resources */ = {isa = PBXBuildFile; fileRef = 0D972EE3269DDAAE0084BE50 /* Preview Assets.xcassets */; };
		0DA8F28726A27C01004498E0 /* Api.swift in Sources */ = {isa = PBXBuildFile; fileRef = 0DA8F28626A27C01004498E0 /* Api.swift */; };
		0DA8F28F26A2D9B3004498E0 /* WidgetKit.framework in Frameworks */ = {isa = PBXBuildFile; fileRef = 0DA8F28E26A2D9B3004498E0 /* WidgetKit.framework */; };
		0DA8F29126A2D9B3004498E0 /* SwiftUI.framework in Frameworks */ = {isa = PBXBuildFile; fileRef = 0DA8F29026A2D9B3004498E0 /* SwiftUI.framework */; };
		0DA8F29426A2D9B3004498E0 /* LikeCoinBalanceWidget.swift in Sources */ = {isa = PBXBuildFile; fileRef = 0DA8F29326A2D9B3004498E0 /* LikeCoinBalanceWidget.swift */; };
		0DA8F29626A2D9B6004498E0 /* Assets.xcassets in Resources */ = {isa = PBXBuildFile; fileRef = 0DA8F29526A2D9B6004498E0 /* Assets.xcassets */; };
		0DA8F29A26A2D9B6004498E0 /* LikeCoinBalanceWidgetExtension.appex in Embed App Extensions */ = {isa = PBXBuildFile; fileRef = 0DA8F28C26A2D9B3004498E0 /* LikeCoinBalanceWidgetExtension.appex */; settings = {ATTRIBUTES = (RemoveHeadersOnCopy, ); }; };
		0DA8F2A226A2DFF4004498E0 /* Api.swift in Sources */ = {isa = PBXBuildFile; fileRef = 0DA8F28626A27C01004498E0 /* Api.swift */; };
		0DA8F2A426A2E39B004498E0 /* LikeCoinBalanceWidgetView.swift in Sources */ = {isa = PBXBuildFile; fileRef = 0DA8F2A326A2E39B004498E0 /* LikeCoinBalanceWidgetView.swift */; };
		0DA8F2A626A2E7D1004498E0 /* LikeCoinAccount.swift in Sources */ = {isa = PBXBuildFile; fileRef = 0DA8F2A526A2E7D1004498E0 /* LikeCoinAccount.swift */; };
		0DA8F2A726A2E7D1004498E0 /* LikeCoinAccount.swift in Sources */ = {isa = PBXBuildFile; fileRef = 0DA8F2A526A2E7D1004498E0 /* LikeCoinAccount.swift */; };
		0DA8F2AB26A2FD49004498E0 /* Constant.swift in Sources */ = {isa = PBXBuildFile; fileRef = 0DA8F2AA26A2FD49004498E0 /* Constant.swift */; };
		0DA8F2AC26A2FD49004498E0 /* Constant.swift in Sources */ = {isa = PBXBuildFile; fileRef = 0DA8F2AA26A2FD49004498E0 /* Constant.swift */; };
/* End PBXBuildFile section */

/* Begin PBXContainerItemProxy section */
		0DA8F29826A2D9B6004498E0 /* PBXContainerItemProxy */ = {
			isa = PBXContainerItemProxy;
			containerPortal = 0D972ED1269DDAAB0084BE50 /* Project object */;
			proxyType = 1;
			remoteGlobalIDString = 0DA8F28B26A2D9B3004498E0;
			remoteInfo = LikeCoinBalanceWidgetExtension;
		};
/* End PBXContainerItemProxy section */

/* Begin PBXCopyFilesBuildPhase section */
		0DA8F29E26A2D9B6004498E0 /* Embed App Extensions */ = {
			isa = PBXCopyFilesBuildPhase;
			buildActionMask = 2147483647;
			dstPath = "";
			dstSubfolderSpec = 13;
			files = (
				0DA8F29A26A2D9B6004498E0 /* LikeCoinBalanceWidgetExtension.appex in Embed App Extensions */,
			);
			name = "Embed App Extensions";
			runOnlyForDeploymentPostprocessing = 0;
		};
/* End PBXCopyFilesBuildPhase section */

/* Begin PBXFileReference section */
		0D7BE63E26AD24F200C04220 /* Config.swift */ = {isa = PBXFileReference; lastKnownFileType = sourcecode.swift; path = Config.swift; sourceTree = "<group>"; };
		0D972ED9269DDAAB0084BE50 /* LikeCoinBalance.app */ = {isa = PBXFileReference; explicitFileType = wrapper.application; includeInIndex = 0; path = LikeCoinBalance.app; sourceTree = BUILT_PRODUCTS_DIR; };
		0D972EDC269DDAAB0084BE50 /* LikeCoinBalanceApp.swift */ = {isa = PBXFileReference; lastKnownFileType = sourcecode.swift; path = LikeCoinBalanceApp.swift; sourceTree = "<group>"; };
		0D972EDE269DDAAB0084BE50 /* LikeCoinBalanceSettings.swift */ = {isa = PBXFileReference; lastKnownFileType = sourcecode.swift; path = LikeCoinBalanceSettings.swift; sourceTree = "<group>"; };
		0D972EE0269DDAAE0084BE50 /* Assets.xcassets */ = {isa = PBXFileReference; lastKnownFileType = folder.assetcatalog; path = Assets.xcassets; sourceTree = "<group>"; };
		0D972EE3269DDAAE0084BE50 /* Preview Assets.xcassets */ = {isa = PBXFileReference; lastKnownFileType = folder.assetcatalog; path = "Preview Assets.xcassets"; sourceTree = "<group>"; };
		0D972EE5269DDAAE0084BE50 /* Info.plist */ = {isa = PBXFileReference; lastKnownFileType = text.plist.xml; path = Info.plist; sourceTree = "<group>"; };
		0DA8F28626A27C01004498E0 /* Api.swift */ = {isa = PBXFileReference; lastKnownFileType = sourcecode.swift; path = Api.swift; sourceTree = "<group>"; };
		0DA8F28C26A2D9B3004498E0 /* LikeCoinBalanceWidgetExtension.appex */ = {isa = PBXFileReference; explicitFileType = "wrapper.app-extension"; includeInIndex = 0; path = LikeCoinBalanceWidgetExtension.appex; sourceTree = BUILT_PRODUCTS_DIR; };
		0DA8F28E26A2D9B3004498E0 /* WidgetKit.framework */ = {isa = PBXFileReference; lastKnownFileType = wrapper.framework; name = WidgetKit.framework; path = System/Library/Frameworks/WidgetKit.framework; sourceTree = SDKROOT; };
		0DA8F29026A2D9B3004498E0 /* SwiftUI.framework */ = {isa = PBXFileReference; lastKnownFileType = wrapper.framework; name = SwiftUI.framework; path = System/Library/Frameworks/SwiftUI.framework; sourceTree = SDKROOT; };
		0DA8F29326A2D9B3004498E0 /* LikeCoinBalanceWidget.swift */ = {isa = PBXFileReference; lastKnownFileType = sourcecode.swift; path = LikeCoinBalanceWidget.swift; sourceTree = "<group>"; };
		0DA8F29526A2D9B6004498E0 /* Assets.xcassets */ = {isa = PBXFileReference; lastKnownFileType = folder.assetcatalog; path = Assets.xcassets; sourceTree = "<group>"; };
		0DA8F29726A2D9B6004498E0 /* Info.plist */ = {isa = PBXFileReference; lastKnownFileType = text.plist.xml; path = Info.plist; sourceTree = "<group>"; };
		0DA8F2A326A2E39B004498E0 /* LikeCoinBalanceWidgetView.swift */ = {isa = PBXFileReference; lastKnownFileType = sourcecode.swift; path = LikeCoinBalanceWidgetView.swift; sourceTree = "<group>"; };
		0DA8F2A526A2E7D1004498E0 /* LikeCoinAccount.swift */ = {isa = PBXFileReference; lastKnownFileType = sourcecode.swift; path = LikeCoinAccount.swift; sourceTree = "<group>"; };
		0DA8F2A826A2F923004498E0 /* LikeCoinBalanceWidgetExtension.entitlements */ = {isa = PBXFileReference; lastKnownFileType = text.plist.entitlements; path = LikeCoinBalanceWidgetExtension.entitlements; sourceTree = "<group>"; };
		0DA8F2A926A2FBDC004498E0 /* LikeCoinBalance.entitlements */ = {isa = PBXFileReference; lastKnownFileType = text.plist.entitlements; path = LikeCoinBalance.entitlements; sourceTree = "<group>"; };
		0DA8F2AA26A2FD49004498E0 /* Constant.swift */ = {isa = PBXFileReference; lastKnownFileType = sourcecode.swift; path = Constant.swift; sourceTree = "<group>"; };
/* End PBXFileReference section */

/* Begin PBXFrameworksBuildPhase section */
		0D972ED6269DDAAB0084BE50 /* Frameworks */ = {
			isa = PBXFrameworksBuildPhase;
			buildActionMask = 2147483647;
			files = (
			);
			runOnlyForDeploymentPostprocessing = 0;
		};
		0DA8F28926A2D9B3004498E0 /* Frameworks */ = {
			isa = PBXFrameworksBuildPhase;
			buildActionMask = 2147483647;
			files = (
				0DA8F29126A2D9B3004498E0 /* SwiftUI.framework in Frameworks */,
				0DA8F28F26A2D9B3004498E0 /* WidgetKit.framework in Frameworks */,
			);
			runOnlyForDeploymentPostprocessing = 0;
		};
/* End PBXFrameworksBuildPhase section */

/* Begin PBXGroup section */
		0D972ED0269DDAAB0084BE50 = {
			isa = PBXGroup;
			children = (
				0DA8F2A826A2F923004498E0 /* LikeCoinBalanceWidgetExtension.entitlements */,
				0D972EDB269DDAAB0084BE50 /* LikeCoinBalance */,
				0DA8F29226A2D9B3004498E0 /* LikeCoinBalanceWidget */,
				0DA8F28D26A2D9B3004498E0 /* Frameworks */,
				0D972EDA269DDAAB0084BE50 /* Products */,
			);
			sourceTree = "<group>";
		};
		0D972EDA269DDAAB0084BE50 /* Products */ = {
			isa = PBXGroup;
			children = (
				0D972ED9269DDAAB0084BE50 /* LikeCoinBalance.app */,
				0DA8F28C26A2D9B3004498E0 /* LikeCoinBalanceWidgetExtension.appex */,
			);
			name = Products;
			sourceTree = "<group>";
		};
		0D972EDB269DDAAB0084BE50 /* LikeCoinBalance */ = {
			isa = PBXGroup;
			children = (
				0DA8F2A926A2FBDC004498E0 /* LikeCoinBalance.entitlements */,
				0D972EDC269DDAAB0084BE50 /* LikeCoinBalanceApp.swift */,
				0D972EDE269DDAAB0084BE50 /* LikeCoinBalanceSettings.swift */,
				0D972EE0269DDAAE0084BE50 /* Assets.xcassets */,
				0D972EE5269DDAAE0084BE50 /* Info.plist */,
				0D972EE2269DDAAE0084BE50 /* Preview Content */,
				0DA8F28626A27C01004498E0 /* Api.swift */,
				0DA8F2A526A2E7D1004498E0 /* LikeCoinAccount.swift */,
				0DA8F2AA26A2FD49004498E0 /* Constant.swift */,
				0D7BE63E26AD24F200C04220 /* Config.swift */,
			);
			path = LikeCoinBalance;
			sourceTree = "<group>";
		};
		0D972EE2269DDAAE0084BE50 /* Preview Content */ = {
			isa = PBXGroup;
			children = (
				0D972EE3269DDAAE0084BE50 /* Preview Assets.xcassets */,
			);
			path = "Preview Content";
			sourceTree = "<group>";
		};
		0DA8F28D26A2D9B3004498E0 /* Frameworks */ = {
			isa = PBXGroup;
			children = (
				0DA8F28E26A2D9B3004498E0 /* WidgetKit.framework */,
				0DA8F29026A2D9B3004498E0 /* SwiftUI.framework */,
			);
			name = Frameworks;
			sourceTree = "<group>";
		};
		0DA8F29226A2D9B3004498E0 /* LikeCoinBalanceWidget */ = {
			isa = PBXGroup;
			children = (
				0DA8F29326A2D9B3004498E0 /* LikeCoinBalanceWidget.swift */,
				0DA8F29526A2D9B6004498E0 /* Assets.xcassets */,
				0DA8F29726A2D9B6004498E0 /* Info.plist */,
				0DA8F2A326A2E39B004498E0 /* LikeCoinBalanceWidgetView.swift */,
			);
			path = LikeCoinBalanceWidget;
			sourceTree = "<group>";
		};
/* End PBXGroup section */

/* Begin PBXNativeTarget section */
		0D972ED8269DDAAB0084BE50 /* LikeCoinBalance */ = {
			isa = PBXNativeTarget;
			buildConfigurationList = 0D972EE8269DDAAE0084BE50 /* Build configuration list for PBXNativeTarget "LikeCoinBalance" */;
			buildPhases = (
				0D972ED5269DDAAB0084BE50 /* Sources */,
				0D972ED6269DDAAB0084BE50 /* Frameworks */,
				0D972ED7269DDAAB0084BE50 /* Resources */,
				0DA8F29E26A2D9B6004498E0 /* Embed App Extensions */,
			);
			buildRules = (
			);
			dependencies = (
				0DA8F29926A2D9B6004498E0 /* PBXTargetDependency */,
			);
			name = LikeCoinBalance;
			productName = LikeCoinBalance;
			productReference = 0D972ED9269DDAAB0084BE50 /* LikeCoinBalance.app */;
			productType = "com.apple.product-type.application";
		};
		0DA8F28B26A2D9B3004498E0 /* LikeCoinBalanceWidgetExtension */ = {
			isa = PBXNativeTarget;
			buildConfigurationList = 0DA8F29B26A2D9B6004498E0 /* Build configuration list for PBXNativeTarget "LikeCoinBalanceWidgetExtension" */;
			buildPhases = (
				0DA8F28826A2D9B3004498E0 /* Sources */,
				0DA8F28926A2D9B3004498E0 /* Frameworks */,
				0DA8F28A26A2D9B3004498E0 /* Resources */,
			);
			buildRules = (
			);
			dependencies = (
			);
			name = LikeCoinBalanceWidgetExtension;
			productName = LikeCoinBalanceWidgetExtension;
			productReference = 0DA8F28C26A2D9B3004498E0 /* LikeCoinBalanceWidgetExtension.appex */;
			productType = "com.apple.product-type.app-extension";
		};
/* End PBXNativeTarget section */

/* Begin PBXProject section */
		0D972ED1269DDAAB0084BE50 /* Project object */ = {
			isa = PBXProject;
			attributes = {
				LastSwiftUpdateCheck = 1250;
				LastUpgradeCheck = 1250;
				TargetAttributes = {
					0D972ED8269DDAAB0084BE50 = {
						CreatedOnToolsVersion = 12.5.1;
					};
					0DA8F28B26A2D9B3004498E0 = {
						CreatedOnToolsVersion = 12.5.1;
					};
				};
			};
			buildConfigurationList = 0D972ED4269DDAAB0084BE50 /* Build configuration list for PBXProject "LikeCoinBalance" */;
			compatibilityVersion = "Xcode 9.3";
			developmentRegion = en;
			hasScannedForEncodings = 0;
			knownRegions = (
				en,
				Base,
			);
			mainGroup = 0D972ED0269DDAAB0084BE50;
			productRefGroup = 0D972EDA269DDAAB0084BE50 /* Products */;
			projectDirPath = "";
			projectRoot = "";
			targets = (
				0D972ED8269DDAAB0084BE50 /* LikeCoinBalance */,
				0DA8F28B26A2D9B3004498E0 /* LikeCoinBalanceWidgetExtension */,
			);
		};
/* End PBXProject section */

/* Begin PBXResourcesBuildPhase section */
		0D972ED7269DDAAB0084BE50 /* Resources */ = {
			isa = PBXResourcesBuildPhase;
			buildActionMask = 2147483647;
			files = (
				0D972EE4269DDAAE0084BE50 /* Preview Assets.xcassets in Resources */,
				0D972EE1269DDAAE0084BE50 /* Assets.xcassets in Resources */,
			);
			runOnlyForDeploymentPostprocessing = 0;
		};
		0DA8F28A26A2D9B3004498E0 /* Resources */ = {
			isa = PBXResourcesBuildPhase;
			buildActionMask = 2147483647;
			files = (
				0DA8F29626A2D9B6004498E0 /* Assets.xcassets in Resources */,
			);
			runOnlyForDeploymentPostprocessing = 0;
		};
/* End PBXResourcesBuildPhase section */

/* Begin PBXSourcesBuildPhase section */
		0D972ED5269DDAAB0084BE50 /* Sources */ = {
			isa = PBXSourcesBuildPhase;
			buildActionMask = 2147483647;
			files = (
				0DA8F28726A27C01004498E0 /* Api.swift in Sources */,
				0D972EDF269DDAAB0084BE50 /* LikeCoinBalanceSettings.swift in Sources */,
				0DA8F2AB26A2FD49004498E0 /* Constant.swift in Sources */,
				0D972EDD269DDAAB0084BE50 /* LikeCoinBalanceApp.swift in Sources */,
				0DA8F2A626A2E7D1004498E0 /* LikeCoinAccount.swift in Sources */,
				0D7BE63F26AD24F200C04220 /* Config.swift in Sources */,
			);
			runOnlyForDeploymentPostprocessing = 0;
		};
		0DA8F28826A2D9B3004498E0 /* Sources */ = {
			isa = PBXSourcesBuildPhase;
			buildActionMask = 2147483647;
			files = (
				0DA8F2A226A2DFF4004498E0 /* Api.swift in Sources */,
				0DA8F2A426A2E39B004498E0 /* LikeCoinBalanceWidgetView.swift in Sources */,
				0DA8F2AC26A2FD49004498E0 /* Constant.swift in Sources */,
				0DA8F29426A2D9B3004498E0 /* LikeCoinBalanceWidget.swift in Sources */,
				0DA8F2A726A2E7D1004498E0 /* LikeCoinAccount.swift in Sources */,
				0D7BE64026AD24F200C04220 /* Config.swift in Sources */,
			);
			runOnlyForDeploymentPostprocessing = 0;
		};
/* End PBXSourcesBuildPhase section */

/* Begin PBXTargetDependency section */
		0DA8F29926A2D9B6004498E0 /* PBXTargetDependency */ = {
			isa = PBXTargetDependency;
			target = 0DA8F28B26A2D9B3004498E0 /* LikeCoinBalanceWidgetExtension */;
			targetProxy = 0DA8F29826A2D9B6004498E0 /* PBXContainerItemProxy */;
		};
/* End PBXTargetDependency section */

/* Begin XCBuildConfiguration section */
		0D972EE6269DDAAE0084BE50 /* Debug */ = {
			isa = XCBuildConfiguration;
			buildSettings = {
				ALWAYS_SEARCH_USER_PATHS = NO;
				CLANG_ANALYZER_NONNULL = YES;
				CLANG_ANALYZER_NUMBER_OBJECT_CONVERSION = YES_AGGRESSIVE;
				CLANG_CXX_LANGUAGE_STANDARD = "gnu++14";
				CLANG_CXX_LIBRARY = "libc++";
				CLANG_ENABLE_MODULES = YES;
				CLANG_ENABLE_OBJC_ARC = YES;
				CLANG_ENABLE_OBJC_WEAK = YES;
				CLANG_WARN_BLOCK_CAPTURE_AUTORELEASING = YES;
				CLANG_WARN_BOOL_CONVERSION = YES;
				CLANG_WARN_COMMA = YES;
				CLANG_WARN_CONSTANT_CONVERSION = YES;
				CLANG_WARN_DEPRECATED_OBJC_IMPLEMENTATIONS = YES;
				CLANG_WARN_DIRECT_OBJC_ISA_USAGE = YES_ERROR;
				CLANG_WARN_DOCUMENTATION_COMMENTS = YES;
				CLANG_WARN_EMPTY_BODY = YES;
				CLANG_WARN_ENUM_CONVERSION = YES;
				CLANG_WARN_INFINITE_RECURSION = YES;
				CLANG_WARN_INT_CONVERSION = YES;
				CLANG_WARN_NON_LITERAL_NULL_CONVERSION = YES;
				CLANG_WARN_OBJC_IMPLICIT_RETAIN_SELF = YES;
				CLANG_WARN_OBJC_LITERAL_CONVERSION = YES;
				CLANG_WARN_OBJC_ROOT_CLASS = YES_ERROR;
				CLANG_WARN_QUOTED_INCLUDE_IN_FRAMEWORK_HEADER = YES;
				CLANG_WARN_RANGE_LOOP_ANALYSIS = YES;
				CLANG_WARN_STRICT_PROTOTYPES = YES;
				CLANG_WARN_SUSPICIOUS_MOVE = YES;
				CLANG_WARN_UNGUARDED_AVAILABILITY = YES_AGGRESSIVE;
				CLANG_WARN_UNREACHABLE_CODE = YES;
				CLANG_WARN__DUPLICATE_METHOD_MATCH = YES;
				COPY_PHASE_STRIP = NO;
				DEBUG_INFORMATION_FORMAT = dwarf;
				ENABLE_STRICT_OBJC_MSGSEND = YES;
				ENABLE_TESTABILITY = YES;
				GCC_C_LANGUAGE_STANDARD = gnu11;
				GCC_DYNAMIC_NO_PIC = NO;
				GCC_NO_COMMON_BLOCKS = YES;
				GCC_OPTIMIZATION_LEVEL = 0;
				GCC_PREPROCESSOR_DEFINITIONS = (
					"DEBUG=1",
					"$(inherited)",
				);
				GCC_WARN_64_TO_32_BIT_CONVERSION = YES;
				GCC_WARN_ABOUT_RETURN_TYPE = YES_ERROR;
				GCC_WARN_UNDECLARED_SELECTOR = YES;
				GCC_WARN_UNINITIALIZED_AUTOS = YES_AGGRESSIVE;
				GCC_WARN_UNUSED_FUNCTION = YES;
				GCC_WARN_UNUSED_VARIABLE = YES;
				IPHONEOS_DEPLOYMENT_TARGET = 14.5;
				MTL_ENABLE_DEBUG_INFO = INCLUDE_SOURCE;
				MTL_FAST_MATH = YES;
				ONLY_ACTIVE_ARCH = YES;
				SDKROOT = iphoneos;
				SWIFT_ACTIVE_COMPILATION_CONDITIONS = DEBUG;
				SWIFT_OPTIMIZATION_LEVEL = "-Onone";
			};
			name = Debug;
		};
		0D972EE7269DDAAE0084BE50 /* Release */ = {
			isa = XCBuildConfiguration;
			buildSettings = {
				ALWAYS_SEARCH_USER_PATHS = NO;
				CLANG_ANALYZER_NONNULL = YES;
				CLANG_ANALYZER_NUMBER_OBJECT_CONVERSION = YES_AGGRESSIVE;
				CLANG_CXX_LANGUAGE_STANDARD = "gnu++14";
				CLANG_CXX_LIBRARY = "libc++";
				CLANG_ENABLE_MODULES = YES;
				CLANG_ENABLE_OBJC_ARC = YES;
				CLANG_ENABLE_OBJC_WEAK = YES;
				CLANG_WARN_BLOCK_CAPTURE_AUTORELEASING = YES;
				CLANG_WARN_BOOL_CONVERSION = YES;
				CLANG_WARN_COMMA = YES;
				CLANG_WARN_CONSTANT_CONVERSION = YES;
				CLANG_WARN_DEPRECATED_OBJC_IMPLEMENTATIONS = YES;
				CLANG_WARN_DIRECT_OBJC_ISA_USAGE = YES_ERROR;
				CLANG_WARN_DOCUMENTATION_COMMENTS = YES;
				CLANG_WARN_EMPTY_BODY = YES;
				CLANG_WARN_ENUM_CONVERSION = YES;
				CLANG_WARN_INFINITE_RECURSION = YES;
				CLANG_WARN_INT_CONVERSION = YES;
				CLANG_WARN_NON_LITERAL_NULL_CONVERSION = YES;
				CLANG_WARN_OBJC_IMPLICIT_RETAIN_SELF = YES;
				CLANG_WARN_OBJC_LITERAL_CONVERSION = YES;
				CLANG_WARN_OBJC_ROOT_CLASS = YES_ERROR;
				CLANG_WARN_QUOTED_INCLUDE_IN_FRAMEWORK_HEADER = YES;
				CLANG_WARN_RANGE_LOOP_ANALYSIS = YES;
				CLANG_WARN_STRICT_PROTOTYPES = YES;
				CLANG_WARN_SUSPICIOUS_MOVE = YES;
				CLANG_WARN_UNGUARDED_AVAILABILITY = YES_AGGRESSIVE;
				CLANG_WARN_UNREACHABLE_CODE = YES;
				CLANG_WARN__DUPLICATE_METHOD_MATCH = YES;
				COPY_PHASE_STRIP = NO;
				DEBUG_INFORMATION_FORMAT = "dwarf-with-dsym";
				ENABLE_NS_ASSERTIONS = NO;
				ENABLE_STRICT_OBJC_MSGSEND = YES;
				GCC_C_LANGUAGE_STANDARD = gnu11;
				GCC_NO_COMMON_BLOCKS = YES;
				GCC_WARN_64_TO_32_BIT_CONVERSION = YES;
				GCC_WARN_ABOUT_RETURN_TYPE = YES_ERROR;
				GCC_WARN_UNDECLARED_SELECTOR = YES;
				GCC_WARN_UNINITIALIZED_AUTOS = YES_AGGRESSIVE;
				GCC_WARN_UNUSED_FUNCTION = YES;
				GCC_WARN_UNUSED_VARIABLE = YES;
				IPHONEOS_DEPLOYMENT_TARGET = 14.5;
				MTL_ENABLE_DEBUG_INFO = NO;
				MTL_FAST_MATH = YES;
				SDKROOT = iphoneos;
				SWIFT_COMPILATION_MODE = wholemodule;
				SWIFT_OPTIMIZATION_LEVEL = "-O";
				VALIDATE_PRODUCT = YES;
			};
			name = Release;
		};
		0D972EE9269DDAAE0084BE50 /* Debug */ = {
			isa = XCBuildConfiguration;
			buildSettings = {
				ALWAYS_EMBED_SWIFT_STANDARD_LIBRARIES = YES;
				ASSETCATALOG_COMPILER_APPICON_NAME = AppIcon;
				ASSETCATALOG_COMPILER_GLOBAL_ACCENT_COLOR_NAME = AccentColor;
				CODE_SIGN_ENTITLEMENTS = LikeCoinBalance/LikeCoinBalance.entitlements;
				CODE_SIGN_STYLE = Automatic;
				DEVELOPMENT_ASSET_PATHS = "\"LikeCoinBalance/Preview Content\"";
				DEVELOPMENT_TEAM = DZHL59X9J9;
				ENABLE_PREVIEWS = YES;
				INFOPLIST_FILE = LikeCoinBalance/Info.plist;
				IPHONEOS_DEPLOYMENT_TARGET = 14.0;
				LD_RUNPATH_SEARCH_PATHS = (
					"$(inherited)",
					"@executable_path/Frameworks",
				);
				PRODUCT_BUNDLE_IDENTIFIER = com.yjchoo.LikeCoinBalance;
				PRODUCT_NAME = "$(TARGET_NAME)";
				SWIFT_VERSION = 5.0;
				TARGETED_DEVICE_FAMILY = "1,2";
			};
			name = Debug;
		};
		0D972EEA269DDAAE0084BE50 /* Release */ = {
			isa = XCBuildConfiguration;
			buildSettings = {
				ALWAYS_EMBED_SWIFT_STANDARD_LIBRARIES = YES;
				ASSETCATALOG_COMPILER_APPICON_NAME = AppIcon;
				ASSETCATALOG_COMPILER_GLOBAL_ACCENT_COLOR_NAME = AccentColor;
				CODE_SIGN_ENTITLEMENTS = LikeCoinBalance/LikeCoinBalance.entitlements;
				CODE_SIGN_STYLE = Automatic;
				DEVELOPMENT_ASSET_PATHS = "\"LikeCoinBalance/Preview Content\"";
				ENABLE_PREVIEWS = YES;
				INFOPLIST_FILE = LikeCoinBalance/Info.plist;
				IPHONEOS_DEPLOYMENT_TARGET = 14.0;
				LD_RUNPATH_SEARCH_PATHS = (
					"$(inherited)",
					"@executable_path/Frameworks",
				);
				PRODUCT_BUNDLE_IDENTIFIER = com.yjchoo.LikeCoinBalance;
				PRODUCT_NAME = "$(TARGET_NAME)";
				SWIFT_VERSION = 5.0;
				TARGETED_DEVICE_FAMILY = "1,2";
			};
			name = Release;
		};
		0DA8F29C26A2D9B6004498E0 /* Debug */ = {
			isa = XCBuildConfiguration;
			buildSettings = {
				ASSETCATALOG_COMPILER_GLOBAL_ACCENT_COLOR_NAME = AccentColor;
				ASSETCATALOG_COMPILER_WIDGET_BACKGROUND_COLOR_NAME = WidgetBackground;
				CODE_SIGN_ENTITLEMENTS = LikeCoinBalanceWidgetExtension.entitlements;
				CODE_SIGN_STYLE = Automatic;
				DEVELOPMENT_TEAM = DZHL59X9J9;
				INFOPLIST_FILE = LikeCoinBalanceWidget/Info.plist;
				LD_RUNPATH_SEARCH_PATHS = (
					"$(inherited)",
					"@executable_path/Frameworks",
					"@executable_path/../../Frameworks",
				);
				PRODUCT_BUNDLE_IDENTIFIER = com.yjchoo.LikeCoinBalance.LikeCoinBalanceWidget;
				PRODUCT_NAME = "$(TARGET_NAME)";
				SKIP_INSTALL = YES;
				SWIFT_VERSION = 5.0;
				TARGETED_DEVICE_FAMILY = "1,2";
			};
			name = Debug;
		};
		0DA8F29D26A2D9B6004498E0 /* Release */ = {
			isa = XCBuildConfiguration;
			buildSettings = {
				ASSETCATALOG_COMPILER_GLOBAL_ACCENT_COLOR_NAME = AccentColor;
				ASSETCATALOG_COMPILER_WIDGET_BACKGROUND_COLOR_NAME = WidgetBackground;
				CODE_SIGN_ENTITLEMENTS = LikeCoinBalanceWidgetExtension.entitlements;
				CODE_SIGN_STYLE = Automatic;
				INFOPLIST_FILE = LikeCoinBalanceWidget/Info.plist;
				LD_RUNPATH_SEARCH_PATHS = (
					"$(inherited)",
					"@executable_path/Frameworks",
					"@executable_path/../../Frameworks",
				);
				PRODUCT_BUNDLE_IDENTIFIER = com.yjchoo.LikeCoinBalance.LikeCoinBalanceWidget;
				PRODUCT_NAME = "$(TARGET_NAME)";
				SKIP_INSTALL = YES;
				SWIFT_VERSION = 5.0;
				TARGETED_DEVICE_FAMILY = "1,2";
			};
			name = Release;
		};
/* End XCBuildConfiguration section */

/* Begin XCConfigurationList section */
		0D972ED4269DDAAB0084BE50 /* Build configuration list for PBXProject "LikeCoinBalance" */ = {
			isa = XCConfigurationList;
			buildConfigurations = (
				0D972EE6269DDAAE0084BE50 /* Debug */,
				0D972EE7269DDAAE0084BE50 /* Release */,
			);
			defaultConfigurationIsVisible = 0;
			defaultConfigurationName = Release;
		};
		0D972EE8269DDAAE0084BE50 /* Build configuration list for PBXNativeTarget "LikeCoinBalance" */ = {
			isa = XCConfigurationList;
			buildConfigurations = (
				0D972EE9269DDAAE0084BE50 /* Debug */,
				0D972EEA269DDAAE0084BE50 /* Release */,
			);
			defaultConfigurationIsVisible = 0;
			defaultConfigurationName = Release;
		};
		0DA8F29B26A2D9B6004498E0 /* Build configuration list for PBXNativeTarget "LikeCoinBalanceWidgetExtension" */ = {
			isa = XCConfigurationList;
			buildConfigurations = (
				0DA8F29C26A2D9B6004498E0 /* Debug */,
				0DA8F29D26A2D9B6004498E0 /* Release */,
			);
			defaultConfigurationIsVisible = 0;
			defaultConfigurationName = Release;
		};
/* End XCConfigurationList section */
	};
	rootObject = 0D972ED1269DDAAB0084BE50 /* Project object */;
}
